
Microsoft Visual Studio Solution File, Format Version 12.00
# Visual Studio Version 17
VisualStudioVersion = 17.10.35013.160
MinimumVisualStudioVersion = 10.0.40219.1
Project("{9A19103F-16F7-4668-BE54-9A1E7A4F7556}") = "Agenda.WedApi", "Agenda.WedApi\Agenda.WedApi.csproj", "{F7E07DE7-687D-4632-A256-12D70AFAB77A}"
EndProject
Project("{9A19103F-16F7-4668-BE54-9A1E7A4F7556}") = "Agenda.DAL", "Agenda.DAL\Agenda.DAL.csproj", "{42327C80-3396-44E8-B298-B32225DA3D2B}"
EndProject
Project("{9A19103F-16F7-4668-BE54-9A1E7A4F7556}") = "Agenda.BL", "Agenda.BL\Agenda.BL.csproj", "{DDBC4B93-13D0-43B4-891E-D7A986FE849E}"
EndProject
Project("{9A19103F-16F7-4668-BE54-9A1E7A4F7556}") = "Agenda.EN", "Agenda.EN\Agenda.EN.csproj", "{7E4385B5-885D-4287-9103-99D3C2D510A8}"
EndProject
Global
	GlobalSection(SolutionConfigurationPlatforms) = preSolution
		Debug|Any CPU = Debug|Any CPU
		Release|Any CPU = Release|Any CPU
	EndGlobalSection
	GlobalSection(ProjectConfigurationPlatforms) = postSolution
		{F7E07DE7-687D-4632-A256-12D70AFAB77A}.Debug|Any CPU.ActiveCfg = Debug|Any CPU
		{F7E07DE7-687D-4632-A256-12D70AFAB77A}.Debug|Any CPU.Build.0 = Debug|Any CPU
		{F7E07DE7-687D-4632-A256-12D70AFAB77A}.Release|Any CPU.ActiveCfg = Release|Any CPU
		{F7E07DE7-687D-4632-A256-12D70AFAB77A}.Release|Any CPU.Build.0 = Release|Any CPU
		{42327C80-3396-44E8-B298-B32225DA3D2B}.Debug|Any CPU.ActiveCfg = Debug|Any CPU
		{42327C80-3396-44E8-B298-B32225DA3D2B}.Debug|Any CPU.Build.0 = Debug|Any CPU
		{42327C80-3396-44E8-B298-B32225DA3D2B}.Release|Any CPU.ActiveCfg = Release|Any CPU
		{42327C80-3396-44E8-B298-B32225DA3D2B}.Release|Any CPU.Build.0 = Release|Any CPU
		{DDBC4B93-13D0-43B4-891E-D7A986FE849E}.Debug|Any CPU.ActiveCfg = Debug|Any CPU
		{DDBC4B93-13D0-43B4-891E-D7A986FE849E}.Debug|Any CPU.Build.0 = Debug|Any CPU
		{DDBC4B93-13D0-43B4-891E-D7A986FE849E}.Release|Any CPU.ActiveCfg = Release|Any CPU
		{DDBC4B93-13D0-43B4-891E-D7A986FE849E}.Release|Any CPU.Build.0 = Release|Any CPU
		{7E4385B5-885D-4287-9103-99D3C2D510A8}.Debug|Any CPU.ActiveCfg = Debug|Any CPU
		{7E4385B5-885D-4287-9103-99D3C2D510A8}.Debug|Any CPU.Build.0 = Debug|Any CPU
		{7E4385B5-885D-4287-9103-99D3C2D510A8}.Release|Any CPU.ActiveCfg = Release|Any CPU
		{7E4385B5-885D-4287-9103-99D3C2D510A8}.Release|Any CPU.Build.0 = Release|Any CPU
	EndGlobalSection
	GlobalSection(SolutionProperties) = preSolution
		HideSolutionNode = FALSE
	EndGlobalSection
	GlobalSection(ExtensibilityGlobals) = postSolution
		SolutionGuid = {8C468836-24D7-4C8F-9EC6-F8D12648F4CB}
	EndGlobalSection
EndGlobal
